
Microsoft Visual Studio Solution File, Format Version 12.00
# Visual Studio 15
VisualStudioVersion = 15.0.28010.2026
MinimumVisualStudioVersion = 10.0.40219.1
Project("{FAE04EC0-301F-11D3-BF4B-00C04F79EFBC}") = "Hkurs", "Hkurs\Hkurs.csproj", "{035ADDE7-85FF-41F0-9128-6C2603BAA75F}"
EndProject
Global
	GlobalSection(SolutionConfigurationPlatforms) = preSolution
		Debug|Any CPU = Debug|Any CPU
		Release|Any CPU = Release|Any CPU
	EndGlobalSection
	GlobalSection(ProjectConfigurationPlatforms) = postSolution
		{035ADDE7-85FF-41F0-9128-6C2603BAA75F}.Debug|Any CPU.ActiveCfg = Debug|Any CPU
		{035ADDE7-85FF-41F0-9128-6C2603BAA75F}.Debug|Any CPU.Build.0 = Debug|Any CPU
		{035ADDE7-85FF-41F0-9128-6C2603BAA75F}.Release|Any CPU.ActiveCfg = Release|Any CPU
		{035ADDE7-85FF-41F0-9128-6C2603BAA75F}.Release|Any CPU.Build.0 = Release|Any CPU
	EndGlobalSection
	GlobalSection(SolutionProperties) = preSolution
		HideSolutionNode = FALSE
	EndGlobalSection
	GlobalSection(ExtensibilityGlobals) = postSolution
		SolutionGuid = {2CFF9E5E-02D4-4CA3-9870-5183746B364E}
	EndGlobalSection
EndGlobal
